// !$*UTF8*$!
{
	archiveVersion = 1;
	classes = {
	};
	objectVersion = 46;
	objects = {

/* Begin PBXBuildFile section */
		1A47F04D1622CD9900E77332 /* cellDate.png in Resources */ = {isa = PBXBuildFile; fileRef = 1A47F04B1622CD9900E77332 /* cellDate.png */; };
		1A47F04E1622CD9900E77332 /* cellDate@2x.png in Resources */ = {isa = PBXBuildFile; fileRef = 1A47F04C1622CD9900E77332 /* cellDate@2x.png */; };
		1A47F0511622CE8700E77332 /* cellValBg.png in Resources */ = {isa = PBXBuildFile; fileRef = 1A47F04F1622CE8700E77332 /* cellValBg.png */; };
		1A47F0521622CE8700E77332 /* cellValBg@2x.png in Resources */ = {isa = PBXBuildFile; fileRef = 1A47F0501622CE8700E77332 /* cellValBg@2x.png */; };
		1A47F0551622D68500E77332 /* mainValBg.png in Resources */ = {isa = PBXBuildFile; fileRef = 1A47F0531622D68500E77332 /* mainValBg.png */; };
		1A47F0561622D68500E77332 /* mainValBg@2x.png in Resources */ = {isa = PBXBuildFile; fileRef = 1A47F0541622D68500E77332 /* mainValBg@2x.png */; };
		1A47F0591622D76900E77332 /* mainDate.png in Resources */ = {isa = PBXBuildFile; fileRef = 1A47F0571622D76900E77332 /* mainDate.png */; };
		1A47F05A1622D76900E77332 /* mainDate@2x.png in Resources */ = {isa = PBXBuildFile; fileRef = 1A47F0581622D76900E77332 /* mainDate@2x.png */; };
		1A47F05D1622DB0B00E77332 /* patternBg.png in Resources */ = {isa = PBXBuildFile; fileRef = 1A47F05B1622DB0B00E77332 /* patternBg.png */; };
		1A47F05E1622DB0B00E77332 /* patternBg@2x.png in Resources */ = {isa = PBXBuildFile; fileRef = 1A47F05C1622DB0B00E77332 /* patternBg@2x.png */; };
		1A63297E161D49AC00589F27 /* UIKit.framework in Frameworks */ = {isa = PBXBuildFile; fileRef = 1A63297D161D49AC00589F27 /* UIKit.framework */; };
		1A632980161D49AC00589F27 /* Foundation.framework in Frameworks */ = {isa = PBXBuildFile; fileRef = 1A63297F161D49AC00589F27 /* Foundation.framework */; };
		1A632982161D49AC00589F27 /* CoreGraphics.framework in Frameworks */ = {isa = PBXBuildFile; fileRef = 1A632981161D49AC00589F27 /* CoreGraphics.framework */; };
		1A632988161D49AC00589F27 /* InfoPlist.strings in Resources */ = {isa = PBXBuildFile; fileRef = 1A632986161D49AC00589F27 /* InfoPlist.strings */; };
		1A63298A161D49AC00589F27 /* main.m in Sources */ = {isa = PBXBuildFile; fileRef = 1A632989161D49AC00589F27 /* main.m */; };
		1A63298E161D49AC00589F27 /* AppDelegate.m in Sources */ = {isa = PBXBuildFile; fileRef = 1A63298D161D49AC00589F27 /* AppDelegate.m */; };
		1A632997161D49EC00589F27 /* MainViewController.m in Sources */ = {isa = PBXBuildFile; fileRef = 1A632995161D49EC00589F27 /* MainViewController.m */; };
		1A632998161D49EC00589F27 /* MainViewController.xib in Resources */ = {isa = PBXBuildFile; fileRef = 1A632996161D49EC00589F27 /* MainViewController.xib */; };
		1A63299B161D4C3800589F27 /* LogViewController.m in Sources */ = {isa = PBXBuildFile; fileRef = 1A63299A161D4C3800589F27 /* LogViewController.m */; };
		1A63299E161D4C4800589F27 /* LogTableViewController.m in Sources */ = {isa = PBXBuildFile; fileRef = 1A63299D161D4C4800589F27 /* LogTableViewController.m */; };
		1A6329A2161D4C8600589F27 /* LogGraphViewController.m in Sources */ = {isa = PBXBuildFile; fileRef = 1A6329A0161D4C8600589F27 /* LogGraphViewController.m */; };
		1A6329A3161D4C8600589F27 /* LogGraphViewController.xib in Resources */ = {isa = PBXBuildFile; fileRef = 1A6329A1161D4C8600589F27 /* LogGraphViewController.xib */; };
		1A6329A6161D4CAD00589F27 /* SettingViewController.m in Sources */ = {isa = PBXBuildFile; fileRef = 1A6329A5161D4CAD00589F27 /* SettingViewController.m */; };
		1A6329AA161D4CD000589F27 /* NewLogViewController.m in Sources */ = {isa = PBXBuildFile; fileRef = 1A6329A8161D4CD000589F27 /* NewLogViewController.m */; };
		1A632A20161D5F0400589F27 /* MultiTouchS7GraphView.m in Sources */ = {isa = PBXBuildFile; fileRef = 1A632A1B161D5F0400589F27 /* MultiTouchS7GraphView.m */; settings = {COMPILER_FLAGS = "-fno-objc-arc"; }; };
		1A632A21161D5F0400589F27 /* README in Resources */ = {isa = PBXBuildFile; fileRef = 1A632A1C161D5F0400589F27 /* README */; };
		1A632A22161D5F0400589F27 /* S7GraphView.m in Sources */ = {isa = PBXBuildFile; fileRef = 1A632A1E161D5F0400589F27 /* S7GraphView.m */; settings = {COMPILER_FLAGS = "-fno-objc-arc"; }; };
		1A632A2C161D5F1300589F27 /* TBXML+Compression.m in Sources */ = {isa = PBXBuildFile; fileRef = 1A632A25161D5F1300589F27 /* TBXML+Compression.m */; settings = {COMPILER_FLAGS = "-fno-objc-arc"; }; };
		1A632A2D161D5F1300589F27 /* TBXML+HTTP.m in Sources */ = {isa = PBXBuildFile; fileRef = 1A632A26161D5F1300589F27 /* TBXML+HTTP.m */; settings = {COMPILER_FLAGS = "-fno-objc-arc"; }; };
		1A632A2E161D5F1300589F27 /* TBXML.m in Sources */ = {isa = PBXBuildFile; fileRef = 1A632A27161D5F1300589F27 /* TBXML.m */; settings = {COMPILER_FLAGS = "-fno-objc-arc"; }; };
		1A632A56161D605C00589F27 /* libz.dylib in Frameworks */ = {isa = PBXBuildFile; fileRef = 1A632A55161D605C00589F27 /* libz.dylib */; };
		1A632A63161D609E00589F27 /* libQuickDialog.a in Frameworks */ = {isa = PBXBuildFile; fileRef = 1A632A3B161D5F2100589F27 /* libQuickDialog.a */; };
		1A632A67161D60CD00589F27 /* CoreLocation.framework in Frameworks */ = {isa = PBXBuildFile; fileRef = 1A632A66161D60CD00589F27 /* CoreLocation.framework */; };
		1A632A69161D60D500589F27 /* MapKit.framework in Frameworks */ = {isa = PBXBuildFile; fileRef = 1A632A68161D60D500589F27 /* MapKit.framework */; };
		1A686CD2162428C1001183D3 /* MessageUI.framework in Frameworks */ = {isa = PBXBuildFile; fileRef = 1A686CD1162428C0001183D3 /* MessageUI.framework */; };
		1A6A6EC61622BE26002C62D1 /* info.png in Resources */ = {isa = PBXBuildFile; fileRef = 1A6A6EC21622BE26002C62D1 /* info.png */; };
		1A6A6EC71622BE26002C62D1 /* info@2x.png in Resources */ = {isa = PBXBuildFile; fileRef = 1A6A6EC31622BE26002C62D1 /* info@2x.png */; };
		1A6A6EC81622BE26002C62D1 /* setting.png in Resources */ = {isa = PBXBuildFile; fileRef = 1A6A6EC41622BE26002C62D1 /* setting.png */; };
		1A6A6EC91622BE26002C62D1 /* setting@2x.png in Resources */ = {isa = PBXBuildFile; fileRef = 1A6A6EC51622BE26002C62D1 /* setting@2x.png */; };
		1A8FCFB3162272D7001115FD /* icon.png in Resources */ = {isa = PBXBuildFile; fileRef = 1A8FCFB1162272D7001115FD /* icon.png */; };
		1A8FCFB4162272D7001115FD /* icon@2x.png in Resources */ = {isa = PBXBuildFile; fileRef = 1A8FCFB2162272D7001115FD /* icon@2x.png */; };
		1A9F9C63161E9B8D00CC7377 /* libsqlite3.0.dylib in Frameworks */ = {isa = PBXBuildFile; fileRef = 1A9F9C62161E9B8D00CC7377 /* libsqlite3.0.dylib */; };
		1A9F9C70161E9CB200CC7377 /* FMDatabase.m in Sources */ = {isa = PBXBuildFile; fileRef = 1A9F9C66161E9CB200CC7377 /* FMDatabase.m */; };
		1A9F9C71161E9CB200CC7377 /* FMDatabaseAdditions.m in Sources */ = {isa = PBXBuildFile; fileRef = 1A9F9C68161E9CB200CC7377 /* FMDatabaseAdditions.m */; };
		1A9F9C72161E9CB200CC7377 /* FMDatabasePool.m in Sources */ = {isa = PBXBuildFile; fileRef = 1A9F9C6A161E9CB200CC7377 /* FMDatabasePool.m */; };
		1A9F9C73161E9CB200CC7377 /* FMDatabaseQueue.m in Sources */ = {isa = PBXBuildFile; fileRef = 1A9F9C6C161E9CB200CC7377 /* FMDatabaseQueue.m */; };
		1A9F9C75161E9CB200CC7377 /* FMResultSet.m in Sources */ = {isa = PBXBuildFile; fileRef = 1A9F9C6F161E9CB200CC7377 /* FMResultSet.m */; };
		1A9F9CC3161EA53400CC7377 /* MyINR.sqlite in Resources */ = {isa = PBXBuildFile; fileRef = 1A9F9CC2161EA53400CC7377 /* MyINR.sqlite */; };
		1AD049CD161F1AFE006FDD7D /* SVProgressHUD.bundle in Resources */ = {isa = PBXBuildFile; fileRef = 1AD049CA161F1AFE006FDD7D /* SVProgressHUD.bundle */; };
		1AD049CE161F1AFE006FDD7D /* SVProgressHUD.m in Sources */ = {isa = PBXBuildFile; fileRef = 1AD049CC161F1AFE006FDD7D /* SVProgressHUD.m */; };
		1AD049EB161F1D87006FDD7D /* SVPullToRefresh.m in Sources */ = {isa = PBXBuildFile; fileRef = 1AD049EA161F1D87006FDD7D /* SVPullToRefresh.m */; };
		1AD049ED161F1DD4006FDD7D /* QuartzCore.framework in Frameworks */ = {isa = PBXBuildFile; fileRef = 1AD049EC161F1DD4006FDD7D /* QuartzCore.framework */; };
		1AD049EF161F3B0F006FDD7D /* CustomCells.xib in Resources */ = {isa = PBXBuildFile; fileRef = 1AD049EE161F3B0F006FDD7D /* CustomCells.xib */; };
		1AD729A61621281000A241D7 /* libCorePlot-CocoaTouch.a in Frameworks */ = {isa = PBXBuildFile; fileRef = 1AD729A51621281000A241D7 /* libCorePlot-CocoaTouch.a */; };
/* End PBXBuildFile section */

/* Begin PBXContainerItemProxy section */
		1A632A38161D5F2100589F27 /* PBXContainerItemProxy */ = {
			isa = PBXContainerItemProxy;
			containerPortal = 1A632A2F161D5F2100589F27 /* QuickDialog.xcodeproj */;
			proxyType = 2;
			remoteGlobalIDString = D80B0E3313E052DF00FA85CA;
			remoteInfo = QuickDialogExample;
		};
		1A632A3A161D5F2100589F27 /* PBXContainerItemProxy */ = {
			isa = PBXContainerItemProxy;
			containerPortal = 1A632A2F161D5F2100589F27 /* QuickDialog.xcodeproj */;
			proxyType = 2;
			remoteGlobalIDString = 2C542393145ADEBD0026A152;
			remoteInfo = QuickDialog;
		};
		1A632A64161D60B500589F27 /* PBXContainerItemProxy */ = {
			isa = PBXContainerItemProxy;
			containerPortal = 1A632A2F161D5F2100589F27 /* QuickDialog.xcodeproj */;
			proxyType = 1;
			remoteGlobalIDString = 2C542392145ADEBD0026A152;
			remoteInfo = QuickDialog;
		};
/* End PBXContainerItemProxy section */

/* Begin PBXFileReference section */
		1A47F04B1622CD9900E77332 /* cellDate.png */ = {isa = PBXFileReference; lastKnownFileType = image.png; name = cellDate.png; path = MyINR/res/cellDate.png; sourceTree = "<group>"; };
		1A47F04C1622CD9900E77332 /* cellDate@2x.png */ = {isa = PBXFileReference; lastKnownFileType = image.png; name = "cellDate@2x.png"; path = "MyINR/res/cellDate@2x.png"; sourceTree = "<group>"; };
		1A47F04F1622CE8700E77332 /* cellValBg.png */ = {isa = PBXFileReference; lastKnownFileType = image.png; name = cellValBg.png; path = MyINR/res/cellValBg.png; sourceTree = "<group>"; };
		1A47F0501622CE8700E77332 /* cellValBg@2x.png */ = {isa = PBXFileReference; lastKnownFileType = image.png; name = "cellValBg@2x.png"; path = "MyINR/res/cellValBg@2x.png"; sourceTree = "<group>"; };
		1A47F0531622D68500E77332 /* mainValBg.png */ = {isa = PBXFileReference; lastKnownFileType = image.png; name = mainValBg.png; path = MyINR/res/mainValBg.png; sourceTree = "<group>"; };
		1A47F0541622D68500E77332 /* mainValBg@2x.png */ = {isa = PBXFileReference; lastKnownFileType = image.png; name = "mainValBg@2x.png"; path = "MyINR/res/mainValBg@2x.png"; sourceTree = "<group>"; };
		1A47F0571622D76900E77332 /* mainDate.png */ = {isa = PBXFileReference; lastKnownFileType = image.png; name = mainDate.png; path = MyINR/res/mainDate.png; sourceTree = "<group>"; };
		1A47F0581622D76900E77332 /* mainDate@2x.png */ = {isa = PBXFileReference; lastKnownFileType = image.png; name = "mainDate@2x.png"; path = "MyINR/res/mainDate@2x.png"; sourceTree = "<group>"; };
		1A47F05B1622DB0B00E77332 /* patternBg.png */ = {isa = PBXFileReference; lastKnownFileType = image.png; name = patternBg.png; path = MyINR/res/patternBg.png; sourceTree = "<group>"; };
		1A47F05C1622DB0B00E77332 /* patternBg@2x.png */ = {isa = PBXFileReference; lastKnownFileType = image.png; name = "patternBg@2x.png"; path = "MyINR/res/patternBg@2x.png"; sourceTree = "<group>"; };
		1A632979161D49AC00589F27 /* MyINR.app */ = {isa = PBXFileReference; explicitFileType = wrapper.application; includeInIndex = 0; path = MyINR.app; sourceTree = BUILT_PRODUCTS_DIR; };
		1A63297D161D49AC00589F27 /* UIKit.framework */ = {isa = PBXFileReference; lastKnownFileType = wrapper.framework; name = UIKit.framework; path = System/Library/Frameworks/UIKit.framework; sourceTree = SDKROOT; };
		1A63297F161D49AC00589F27 /* Foundation.framework */ = {isa = PBXFileReference; lastKnownFileType = wrapper.framework; name = Foundation.framework; path = System/Library/Frameworks/Foundation.framework; sourceTree = SDKROOT; };
		1A632981161D49AC00589F27 /* CoreGraphics.framework */ = {isa = PBXFileReference; lastKnownFileType = wrapper.framework; name = CoreGraphics.framework; path = System/Library/Frameworks/CoreGraphics.framework; sourceTree = SDKROOT; };
		1A632985161D49AC00589F27 /* MyINR-Info.plist */ = {isa = PBXFileReference; lastKnownFileType = text.plist.xml; path = "MyINR-Info.plist"; sourceTree = "<group>"; };
		1A632987161D49AC00589F27 /* en */ = {isa = PBXFileReference; lastKnownFileType = text.plist.strings; name = en; path = en.lproj/InfoPlist.strings; sourceTree = "<group>"; };
		1A632989161D49AC00589F27 /* main.m */ = {isa = PBXFileReference; lastKnownFileType = sourcecode.c.objc; path = main.m; sourceTree = "<group>"; };
		1A63298B161D49AC00589F27 /* MyINR-Prefix.pch */ = {isa = PBXFileReference; lastKnownFileType = sourcecode.c.h; path = "MyINR-Prefix.pch"; sourceTree = "<group>"; };
		1A63298C161D49AC00589F27 /* AppDelegate.h */ = {isa = PBXFileReference; lastKnownFileType = sourcecode.c.h; path = AppDelegate.h; sourceTree = "<group>"; };
		1A63298D161D49AC00589F27 /* AppDelegate.m */ = {isa = PBXFileReference; lastKnownFileType = sourcecode.c.objc; path = AppDelegate.m; sourceTree = "<group>"; };
		1A632994161D49EC00589F27 /* MainViewController.h */ = {isa = PBXFileReference; fileEncoding = 4; lastKnownFileType = sourcecode.c.h; path = MainViewController.h; sourceTree = "<group>"; };
		1A632995161D49EC00589F27 /* MainViewController.m */ = {isa = PBXFileReference; fileEncoding = 4; lastKnownFileType = sourcecode.c.objc; path = MainViewController.m; sourceTree = "<group>"; };
		1A632996161D49EC00589F27 /* MainViewController.xib */ = {isa = PBXFileReference; fileEncoding = 4; lastKnownFileType = file.xib; path = MainViewController.xib; sourceTree = "<group>"; };
		1A632999161D4C3800589F27 /* LogViewController.h */ = {isa = PBXFileReference; fileEncoding = 4; lastKnownFileType = sourcecode.c.h; path = LogViewController.h; sourceTree = "<group>"; };
		1A63299A161D4C3800589F27 /* LogViewController.m */ = {isa = PBXFileReference; fileEncoding = 4; lastKnownFileType = sourcecode.c.objc; path = LogViewController.m; sourceTree = "<group>"; };
		1A63299C161D4C4800589F27 /* LogTableViewController.h */ = {isa = PBXFileReference; fileEncoding = 4; lastKnownFileType = sourcecode.c.h; path = LogTableViewController.h; sourceTree = "<group>"; };
		1A63299D161D4C4800589F27 /* LogTableViewController.m */ = {isa = PBXFileReference; fileEncoding = 4; lastKnownFileType = sourcecode.c.objc; path = LogTableViewController.m; sourceTree = "<group>"; };
		1A63299F161D4C8600589F27 /* LogGraphViewController.h */ = {isa = PBXFileReference; fileEncoding = 4; lastKnownFileType = sourcecode.c.h; path = LogGraphViewController.h; sourceTree = "<group>"; };
		1A6329A0161D4C8600589F27 /* LogGraphViewController.m */ = {isa = PBXFileReference; fileEncoding = 4; lastKnownFileType = sourcecode.c.objc; path = LogGraphViewController.m; sourceTree = "<group>"; };
		1A6329A1161D4C8600589F27 /* LogGraphViewController.xib */ = {isa = PBXFileReference; fileEncoding = 4; lastKnownFileType = file.xib; path = LogGraphViewController.xib; sourceTree = "<group>"; };
		1A6329A4161D4CAD00589F27 /* SettingViewController.h */ = {isa = PBXFileReference; fileEncoding = 4; lastKnownFileType = sourcecode.c.h; path = SettingViewController.h; sourceTree = "<group>"; };
		1A6329A5161D4CAD00589F27 /* SettingViewController.m */ = {isa = PBXFileReference; fileEncoding = 4; lastKnownFileType = sourcecode.c.objc; path = SettingViewController.m; sourceTree = "<group>"; };
		1A6329A7161D4CD000589F27 /* NewLogViewController.h */ = {isa = PBXFileReference; fileEncoding = 4; lastKnownFileType = sourcecode.c.h; path = NewLogViewController.h; sourceTree = "<group>"; };
		1A6329A8161D4CD000589F27 /* NewLogViewController.m */ = {isa = PBXFileReference; fileEncoding = 4; lastKnownFileType = sourcecode.c.objc; path = NewLogViewController.m; sourceTree = "<group>"; };
		1A632A1A161D5F0400589F27 /* MultiTouchS7GraphView.h */ = {isa = PBXFileReference; fileEncoding = 4; lastKnownFileType = sourcecode.c.h; path = MultiTouchS7GraphView.h; sourceTree = "<group>"; };
		1A632A1B161D5F0400589F27 /* MultiTouchS7GraphView.m */ = {isa = PBXFileReference; fileEncoding = 4; lastKnownFileType = sourcecode.c.objc; path = MultiTouchS7GraphView.m; sourceTree = "<group>"; };
		1A632A1C161D5F0400589F27 /* README */ = {isa = PBXFileReference; fileEncoding = 4; lastKnownFileType = text; path = README; sourceTree = "<group>"; };
		1A632A1D161D5F0400589F27 /* S7GraphView.h */ = {isa = PBXFileReference; fileEncoding = 4; lastKnownFileType = sourcecode.c.h; path = S7GraphView.h; sourceTree = "<group>"; };
		1A632A1E161D5F0400589F27 /* S7GraphView.m */ = {isa = PBXFileReference; fileEncoding = 4; lastKnownFileType = sourcecode.c.objc; path = S7GraphView.m; sourceTree = "<group>"; };
		1A632A1F161D5F0400589F27 /* S7Macros.h */ = {isa = PBXFileReference; fileEncoding = 4; lastKnownFileType = sourcecode.c.h; path = S7Macros.h; sourceTree = "<group>"; };
		1A632A25161D5F1300589F27 /* TBXML+Compression.m */ = {isa = PBXFileReference; fileEncoding = 4; lastKnownFileType = sourcecode.c.objc; path = "TBXML+Compression.m"; sourceTree = "<group>"; };
		1A632A26161D5F1300589F27 /* TBXML+HTTP.m */ = {isa = PBXFileReference; fileEncoding = 4; lastKnownFileType = sourcecode.c.objc; path = "TBXML+HTTP.m"; sourceTree = "<group>"; };
		1A632A27161D5F1300589F27 /* TBXML.m */ = {isa = PBXFileReference; fileEncoding = 4; lastKnownFileType = sourcecode.c.objc; path = TBXML.m; sourceTree = "<group>"; };
		1A632A29161D5F1300589F27 /* TBXML+Compression.h */ = {isa = PBXFileReference; fileEncoding = 4; lastKnownFileType = sourcecode.c.h; path = "TBXML+Compression.h"; sourceTree = "<group>"; };
		1A632A2A161D5F1300589F27 /* TBXML+HTTP.h */ = {isa = PBXFileReference; fileEncoding = 4; lastKnownFileType = sourcecode.c.h; path = "TBXML+HTTP.h"; sourceTree = "<group>"; };
		1A632A2B161D5F1300589F27 /* TBXML.h */ = {isa = PBXFileReference; fileEncoding = 4; lastKnownFileType = sourcecode.c.h; path = TBXML.h; sourceTree = "<group>"; };
		1A632A2F161D5F2100589F27 /* QuickDialog.xcodeproj */ = {isa = PBXFileReference; lastKnownFileType = "wrapper.pb-project"; name = QuickDialog.xcodeproj; path = Submodules/QuickDialog/QuickDialog.xcodeproj; sourceTree = "<group>"; };
		1A632A55161D605C00589F27 /* libz.dylib */ = {isa = PBXFileReference; lastKnownFileType = "compiled.mach-o.dylib"; name = libz.dylib; path = usr/lib/libz.dylib; sourceTree = SDKROOT; };
		1A632A66161D60CD00589F27 /* CoreLocation.framework */ = {isa = PBXFileReference; lastKnownFileType = wrapper.framework; name = CoreLocation.framework; path = System/Library/Frameworks/CoreLocation.framework; sourceTree = SDKROOT; };
		1A632A68161D60D500589F27 /* MapKit.framework */ = {isa = PBXFileReference; lastKnownFileType = wrapper.framework; name = MapKit.framework; path = System/Library/Frameworks/MapKit.framework; sourceTree = SDKROOT; };
		1A686CD1162428C0001183D3 /* MessageUI.framework */ = {isa = PBXFileReference; lastKnownFileType = wrapper.framework; name = MessageUI.framework; path = System/Library/Frameworks/MessageUI.framework; sourceTree = SDKROOT; };
		1A6A6EC21622BE26002C62D1 /* info.png */ = {isa = PBXFileReference; lastKnownFileType = image.png; name = info.png; path = MyINR/res/info.png; sourceTree = "<group>"; };
		1A6A6EC31622BE26002C62D1 /* info@2x.png */ = {isa = PBXFileReference; lastKnownFileType = image.png; name = "info@2x.png"; path = "MyINR/res/info@2x.png"; sourceTree = "<group>"; };
		1A6A6EC41622BE26002C62D1 /* setting.png */ = {isa = PBXFileReference; lastKnownFileType = image.png; name = setting.png; path = MyINR/res/setting.png; sourceTree = "<group>"; };
		1A6A6EC51622BE26002C62D1 /* setting@2x.png */ = {isa = PBXFileReference; lastKnownFileType = image.png; name = "setting@2x.png"; path = "MyINR/res/setting@2x.png"; sourceTree = "<group>"; };
		1A8FCFB1162272D7001115FD /* icon.png */ = {isa = PBXFileReference; lastKnownFileType = image.png; name = icon.png; path = MyINR/icon.png; sourceTree = "<group>"; };
		1A8FCFB2162272D7001115FD /* icon@2x.png */ = {isa = PBXFileReference; lastKnownFileType = image.png; name = "icon@2x.png"; path = "MyINR/icon@2x.png"; sourceTree = "<group>"; };
		1A9F9C62161E9B8D00CC7377 /* libsqlite3.0.dylib */ = {isa = PBXFileReference; lastKnownFileType = "compiled.mach-o.dylib"; name = libsqlite3.0.dylib; path = usr/lib/libsqlite3.0.dylib; sourceTree = SDKROOT; };
		1A9F9C65161E9CB200CC7377 /* FMDatabase.h */ = {isa = PBXFileReference; fileEncoding = 4; lastKnownFileType = sourcecode.c.h; path = FMDatabase.h; sourceTree = "<group>"; };
		1A9F9C66161E9CB200CC7377 /* FMDatabase.m */ = {isa = PBXFileReference; fileEncoding = 4; lastKnownFileType = sourcecode.c.objc; path = FMDatabase.m; sourceTree = "<group>"; };
		1A9F9C67161E9CB200CC7377 /* FMDatabaseAdditions.h */ = {isa = PBXFileReference; fileEncoding = 4; lastKnownFileType = sourcecode.c.h; path = FMDatabaseAdditions.h; sourceTree = "<group>"; };
		1A9F9C68161E9CB200CC7377 /* FMDatabaseAdditions.m */ = {isa = PBXFileReference; fileEncoding = 4; lastKnownFileType = sourcecode.c.objc; path = FMDatabaseAdditions.m; sourceTree = "<group>"; };
		1A9F9C69161E9CB200CC7377 /* FMDatabasePool.h */ = {isa = PBXFileReference; fileEncoding = 4; lastKnownFileType = sourcecode.c.h; path = FMDatabasePool.h; sourceTree = "<group>"; };
		1A9F9C6A161E9CB200CC7377 /* FMDatabasePool.m */ = {isa = PBXFileReference; fileEncoding = 4; lastKnownFileType = sourcecode.c.objc; path = FMDatabasePool.m; sourceTree = "<group>"; };
		1A9F9C6B161E9CB200CC7377 /* FMDatabaseQueue.h */ = {isa = PBXFileReference; fileEncoding = 4; lastKnownFileType = sourcecode.c.h; path = FMDatabaseQueue.h; sourceTree = "<group>"; };
		1A9F9C6C161E9CB200CC7377 /* FMDatabaseQueue.m */ = {isa = PBXFileReference; fileEncoding = 4; lastKnownFileType = sourcecode.c.objc; path = FMDatabaseQueue.m; sourceTree = "<group>"; };
		1A9F9C6E161E9CB200CC7377 /* FMResultSet.h */ = {isa = PBXFileReference; fileEncoding = 4; lastKnownFileType = sourcecode.c.h; path = FMResultSet.h; sourceTree = "<group>"; };
		1A9F9C6F161E9CB200CC7377 /* FMResultSet.m */ = {isa = PBXFileReference; fileEncoding = 4; lastKnownFileType = sourcecode.c.objc; path = FMResultSet.m; sourceTree = "<group>"; };
		1A9F9CC2161EA53400CC7377 /* MyINR.sqlite */ = {isa = PBXFileReference; lastKnownFileType = file; name = MyINR.sqlite; path = MyINR/res/MyINR.sqlite; sourceTree = "<group>"; };
		1AD049CA161F1AFE006FDD7D /* SVProgressHUD.bundle */ = {isa = PBXFileReference; lastKnownFileType = "wrapper.plug-in"; path = SVProgressHUD.bundle; sourceTree = "<group>"; };
		1AD049CB161F1AFE006FDD7D /* SVProgressHUD.h */ = {isa = PBXFileReference; fileEncoding = 4; lastKnownFileType = sourcecode.c.h; path = SVProgressHUD.h; sourceTree = "<group>"; };
		1AD049CC161F1AFE006FDD7D /* SVProgressHUD.m */ = {isa = PBXFileReference; fileEncoding = 4; lastKnownFileType = sourcecode.c.objc; path = SVProgressHUD.m; sourceTree = "<group>"; };
		1AD049E9161F1D87006FDD7D /* SVPullToRefresh.h */ = {isa = PBXFileReference; fileEncoding = 4; lastKnownFileType = sourcecode.c.h; path = SVPullToRefresh.h; sourceTree = "<group>"; };
		1AD049EA161F1D87006FDD7D /* SVPullToRefresh.m */ = {isa = PBXFileReference; fileEncoding = 4; lastKnownFileType = sourcecode.c.objc; path = SVPullToRefresh.m; sourceTree = "<group>"; };
		1AD049EC161F1DD4006FDD7D /* QuartzCore.framework */ = {isa = PBXFileReference; lastKnownFileType = wrapper.framework; name = QuartzCore.framework; path = System/Library/Frameworks/QuartzCore.framework; sourceTree = SDKROOT; };
		1AD049EE161F3B0F006FDD7D /* CustomCells.xib */ = {isa = PBXFileReference; fileEncoding = 4; lastKnownFileType = file.xib; path = CustomCells.xib; sourceTree = "<group>"; };
		1AD729561621281000A241D7 /* _CPTConstraintsFixed.h */ = {isa = PBXFileReference; fileEncoding = 4; lastKnownFileType = sourcecode.c.h; path = _CPTConstraintsFixed.h; sourceTree = "<group>"; };
		1AD729571621281000A241D7 /* _CPTConstraintsRelative.h */ = {isa = PBXFileReference; fileEncoding = 4; lastKnownFileType = sourcecode.c.h; path = _CPTConstraintsRelative.h; sourceTree = "<group>"; };
		1AD729581621281000A241D7 /* _CPTDarkGradientTheme.h */ = {isa = PBXFileReference; fileEncoding = 4; lastKnownFileType = sourcecode.c.h; path = _CPTDarkGradientTheme.h; sourceTree = "<group>"; };
		1AD729591621281000A241D7 /* _CPTFillColor.h */ = {isa = PBXFileReference; fileEncoding = 4; lastKnownFileType = sourcecode.c.h; path = _CPTFillColor.h; sourceTree = "<group>"; };
		1AD7295A1621281000A241D7 /* _CPTFillGradient.h */ = {isa = PBXFileReference; fileEncoding = 4; lastKnownFileType = sourcecode.c.h; path = _CPTFillGradient.h; sourceTree = "<group>"; };
		1AD7295B1621281000A241D7 /* _CPTFillImage.h */ = {isa = PBXFileReference; fileEncoding = 4; lastKnownFileType = sourcecode.c.h; path = _CPTFillImage.h; sourceTree = "<group>"; };
		1AD7295C1621281000A241D7 /* _CPTPlainBlackTheme.h */ = {isa = PBXFileReference; fileEncoding = 4; lastKnownFileType = sourcecode.c.h; path = _CPTPlainBlackTheme.h; sourceTree = "<group>"; };
		1AD7295D1621281000A241D7 /* _CPTPlainWhiteTheme.h */ = {isa = PBXFileReference; fileEncoding = 4; lastKnownFileType = sourcecode.c.h; path = _CPTPlainWhiteTheme.h; sourceTree = "<group>"; };
		1AD7295E1621281000A241D7 /* _CPTSlateTheme.h */ = {isa = PBXFileReference; fileEncoding = 4; lastKnownFileType = sourcecode.c.h; path = _CPTSlateTheme.h; sourceTree = "<group>"; };
		1AD7295F1621281000A241D7 /* _CPTStocksTheme.h */ = {isa = PBXFileReference; fileEncoding = 4; lastKnownFileType = sourcecode.c.h; path = _CPTStocksTheme.h; sourceTree = "<group>"; };
		1AD729601621281000A241D7 /* _CPTXYTheme.h */ = {isa = PBXFileReference; fileEncoding = 4; lastKnownFileType = sourcecode.c.h; path = _CPTXYTheme.h; sourceTree = "<group>"; };
		1AD729611621281000A241D7 /* CorePlot-CocoaTouch.h */ = {isa = PBXFileReference; fileEncoding = 4; lastKnownFileType = sourcecode.c.h; path = "CorePlot-CocoaTouch.h"; sourceTree = "<group>"; };
		1AD729621621281000A241D7 /* CPTAnnotation.h */ = {isa = PBXFileReference; fileEncoding = 4; lastKnownFileType = sourcecode.c.h; path = CPTAnnotation.h; sourceTree = "<group>"; };
		1AD729631621281000A241D7 /* CPTAnnotationHostLayer.h */ = {isa = PBXFileReference; fileEncoding = 4; lastKnownFileType = sourcecode.c.h; path = CPTAnnotationHostLayer.h; sourceTree = "<group>"; };
		1AD729641621281000A241D7 /* CPTAxis.h */ = {isa = PBXFileReference; fileEncoding = 4; lastKnownFileType = sourcecode.c.h; path = CPTAxis.h; sourceTree = "<group>"; };
		1AD729651621281000A241D7 /* CPTAxisLabel.h */ = {isa = PBXFileReference; fileEncoding = 4; lastKnownFileType = sourcecode.c.h; path = CPTAxisLabel.h; sourceTree = "<group>"; };
		1AD729661621281000A241D7 /* CPTAxisLabelGroup.h */ = {isa = PBXFileReference; fileEncoding = 4; lastKnownFileType = sourcecode.c.h; path = CPTAxisLabelGroup.h; sourceTree = "<group>"; };
		1AD729671621281000A241D7 /* CPTAxisSet.h */ = {isa = PBXFileReference; fileEncoding = 4; lastKnownFileType = sourcecode.c.h; path = CPTAxisSet.h; sourceTree = "<group>"; };
		1AD729681621281000A241D7 /* CPTAxisTitle.h */ = {isa = PBXFileReference; fileEncoding = 4; lastKnownFileType = sourcecode.c.h; path = CPTAxisTitle.h; sourceTree = "<group>"; };
		1AD729691621281000A241D7 /* CPTBarPlot.h */ = {isa = PBXFileReference; fileEncoding = 4; lastKnownFileType = sourcecode.c.h; path = CPTBarPlot.h; sourceTree = "<group>"; };
		1AD7296A1621281000A241D7 /* CPTBorderedLayer.h */ = {isa = PBXFileReference; fileEncoding = 4; lastKnownFileType = sourcecode.c.h; path = CPTBorderedLayer.h; sourceTree = "<group>"; };
		1AD7296B1621281000A241D7 /* CPTColor.h */ = {isa = PBXFileReference; fileEncoding = 4; lastKnownFileType = sourcecode.c.h; path = CPTColor.h; sourceTree = "<group>"; };
		1AD7296C1621281000A241D7 /* CPTColorSpace.h */ = {isa = PBXFileReference; fileEncoding = 4; lastKnownFileType = sourcecode.c.h; path = CPTColorSpace.h; sourceTree = "<group>"; };
		1AD7296D1621281000A241D7 /* CPTConstraints.h */ = {isa = PBXFileReference; fileEncoding = 4; lastKnownFileType = sourcecode.c.h; path = CPTConstraints.h; sourceTree = "<group>"; };
		1AD7296E1621281000A241D7 /* CPTDefinitions.h */ = {isa = PBXFileReference; fileEncoding = 4; lastKnownFileType = sourcecode.c.h; path = CPTDefinitions.h; sourceTree = "<group>"; };
		1AD7296F1621281000A241D7 /* CPTExceptions.h */ = {isa = PBXFileReference; fileEncoding = 4; lastKnownFileType = sourcecode.c.h; path = CPTExceptions.h; sourceTree = "<group>"; };
		1AD729701621281000A241D7 /* CPTFill.h */ = {isa = PBXFileReference; fileEncoding = 4; lastKnownFileType = sourcecode.c.h; path = CPTFill.h; sourceTree = "<group>"; };
		1AD729711621281000A241D7 /* CPTGradient.h */ = {isa = PBXFileReference; fileEncoding = 4; lastKnownFileType = sourcecode.c.h; path = CPTGradient.h; sourceTree = "<group>"; };
		1AD729721621281000A241D7 /* CPTGraph.h */ = {isa = PBXFileReference; fileEncoding = 4; lastKnownFileType = sourcecode.c.h; path = CPTGraph.h; sourceTree = "<group>"; };
		1AD729731621281000A241D7 /* CPTGraphHostingView.h */ = {isa = PBXFileReference; fileEncoding = 4; lastKnownFileType = sourcecode.c.h; path = CPTGraphHostingView.h; sourceTree = "<group>"; };
		1AD729741621281000A241D7 /* CPTGridLineGroup.h */ = {isa = PBXFileReference; fileEncoding = 4; lastKnownFileType = sourcecode.c.h; path = CPTGridLineGroup.h; sourceTree = "<group>"; };
		1AD729751621281000A241D7 /* CPTGridLines.h */ = {isa = PBXFileReference; fileEncoding = 4; lastKnownFileType = sourcecode.c.h; path = CPTGridLines.h; sourceTree = "<group>"; };
		1AD729761621281000A241D7 /* CPTImage.h */ = {isa = PBXFileReference; fileEncoding = 4; lastKnownFileType = sourcecode.c.h; path = CPTImage.h; sourceTree = "<group>"; };
		1AD729771621281000A241D7 /* CPTLayer.h */ = {isa = PBXFileReference; fileEncoding = 4; lastKnownFileType = sourcecode.c.h; path = CPTLayer.h; sourceTree = "<group>"; };
		1AD729781621281000A241D7 /* CPTLayerAnnotation.h */ = {isa = PBXFileReference; fileEncoding = 4; lastKnownFileType = sourcecode.c.h; path = CPTLayerAnnotation.h; sourceTree = "<group>"; };
		1AD729791621281000A241D7 /* CPTLegend.h */ = {isa = PBXFileReference; fileEncoding = 4; lastKnownFileType = sourcecode.c.h; path = CPTLegend.h; sourceTree = "<group>"; };
		1AD7297A1621281000A241D7 /* CPTLegendEntry.h */ = {isa = PBXFileReference; fileEncoding = 4; lastKnownFileType = sourcecode.c.h; path = CPTLegendEntry.h; sourceTree = "<group>"; };
		1AD7297B1621281000A241D7 /* CPTLimitBand.h */ = {isa = PBXFileReference; fileEncoding = 4; lastKnownFileType = sourcecode.c.h; path = CPTLimitBand.h; sourceTree = "<group>"; };
		1AD7297C1621281000A241D7 /* CPTLineCap.h */ = {isa = PBXFileReference; fileEncoding = 4; lastKnownFileType = sourcecode.c.h; path = CPTLineCap.h; sourceTree = "<group>"; };
		1AD7297D1621281000A241D7 /* CPTLineStyle.h */ = {isa = PBXFileReference; fileEncoding = 4; lastKnownFileType = sourcecode.c.h; path = CPTLineStyle.h; sourceTree = "<group>"; };
		1AD7297E1621281000A241D7 /* CPTMutableLineStyle.h */ = {isa = PBXFileReference; fileEncoding = 4; lastKnownFileType = sourcecode.c.h; path = CPTMutableLineStyle.h; sourceTree = "<group>"; };
		1AD7297F1621281000A241D7 /* CPTMutableNumericData+TypeConversion.h */ = {isa = PBXFileReference; fileEncoding = 4; lastKnownFileType = sourcecode.c.h; path = "CPTMutableNumericData+TypeConversion.h"; sourceTree = "<group>"; };
		1AD729801621281000A241D7 /* CPTMutableNumericData.h */ = {isa = PBXFileReference; fileEncoding = 4; lastKnownFileType = sourcecode.c.h; path = CPTMutableNumericData.h; sourceTree = "<group>"; };
		1AD729811621281000A241D7 /* CPTMutablePlotRange.h */ = {isa = PBXFileReference; fileEncoding = 4; lastKnownFileType = sourcecode.c.h; path = CPTMutablePlotRange.h; sourceTree = "<group>"; };
		1AD729821621281000A241D7 /* CPTMutableShadow.h */ = {isa = PBXFileReference; fileEncoding = 4; lastKnownFileType = sourcecode.c.h; path = CPTMutableShadow.h; sourceTree = "<group>"; };
		1AD729831621281000A241D7 /* CPTMutableTextStyle.h */ = {isa = PBXFileReference; fileEncoding = 4; lastKnownFileType = sourcecode.c.h; path = CPTMutableTextStyle.h; sourceTree = "<group>"; };
		1AD729841621281000A241D7 /* CPTNumericData+TypeConversion.h */ = {isa = PBXFileReference; fileEncoding = 4; lastKnownFileType = sourcecode.c.h; path = "CPTNumericData+TypeConversion.h"; sourceTree = "<group>"; };
		1AD729851621281000A241D7 /* CPTNumericData.h */ = {isa = PBXFileReference; fileEncoding = 4; lastKnownFileType = sourcecode.c.h; path = CPTNumericData.h; sourceTree = "<group>"; };
		1AD729861621281000A241D7 /* CPTNumericDataType.h */ = {isa = PBXFileReference; fileEncoding = 4; lastKnownFileType = sourcecode.c.h; path = CPTNumericDataType.h; sourceTree = "<group>"; };
		1AD729871621281000A241D7 /* CPTPathExtensions.h */ = {isa = PBXFileReference; fileEncoding = 4; lastKnownFileType = sourcecode.c.h; path = CPTPathExtensions.h; sourceTree = "<group>"; };
		1AD729881621281000A241D7 /* CPTPieChart.h */ = {isa = PBXFileReference; fileEncoding = 4; lastKnownFileType = sourcecode.c.h; path = CPTPieChart.h; sourceTree = "<group>"; };
		1AD729891621281000A241D7 /* CPTPlatformSpecificCategories.h */ = {isa = PBXFileReference; fileEncoding = 4; lastKnownFileType = sourcecode.c.h; path = CPTPlatformSpecificCategories.h; sourceTree = "<group>"; };
		1AD7298A1621281000A241D7 /* CPTPlatformSpecificDefines.h */ = {isa = PBXFileReference; fileEncoding = 4; lastKnownFileType = sourcecode.c.h; path = CPTPlatformSpecificDefines.h; sourceTree = "<group>"; };
		1AD7298B1621281000A241D7 /* CPTPlatformSpecificFunctions.h */ = {isa = PBXFileReference; fileEncoding = 4; lastKnownFileType = sourcecode.c.h; path = CPTPlatformSpecificFunctions.h; sourceTree = "<group>"; };
		1AD7298C1621281000A241D7 /* CPTPlot.h */ = {isa = PBXFileReference; fileEncoding = 4; lastKnownFileType = sourcecode.c.h; path = CPTPlot.h; sourceTree = "<group>"; };
		1AD7298D1621281000A241D7 /* CPTPlotArea.h */ = {isa = PBXFileReference; fileEncoding = 4; lastKnownFileType = sourcecode.c.h; path = CPTPlotArea.h; sourceTree = "<group>"; };
		1AD7298E1621281000A241D7 /* CPTPlotAreaFrame.h */ = {isa = PBXFileReference; fileEncoding = 4; lastKnownFileType = sourcecode.c.h; path = CPTPlotAreaFrame.h; sourceTree = "<group>"; };
		1AD7298F1621281000A241D7 /* CPTPlotGroup.h */ = {isa = PBXFileReference; fileEncoding = 4; lastKnownFileType = sourcecode.c.h; path = CPTPlotGroup.h; sourceTree = "<group>"; };
		1AD729901621281000A241D7 /* CPTPlotRange.h */ = {isa = PBXFileReference; fileEncoding = 4; lastKnownFileType = sourcecode.c.h; path = CPTPlotRange.h; sourceTree = "<group>"; };
		1AD729911621281000A241D7 /* CPTPlotSpace.h */ = {isa = PBXFileReference; fileEncoding = 4; lastKnownFileType = sourcecode.c.h; path = CPTPlotSpace.h; sourceTree = "<group>"; };
		1AD729921621281000A241D7 /* CPTPlotSpaceAnnotation.h */ = {isa = PBXFileReference; fileEncoding = 4; lastKnownFileType = sourcecode.c.h; path = CPTPlotSpaceAnnotation.h; sourceTree = "<group>"; };
		1AD729931621281000A241D7 /* CPTPlotSymbol.h */ = {isa = PBXFileReference; fileEncoding = 4; lastKnownFileType = sourcecode.c.h; path = CPTPlotSymbol.h; sourceTree = "<group>"; };
		1AD729941621281000A241D7 /* CPTRangePlot.h */ = {isa = PBXFileReference; fileEncoding = 4; lastKnownFileType = sourcecode.c.h; path = CPTRangePlot.h; sourceTree = "<group>"; };
		1AD729951621281000A241D7 /* CPTResponder.h */ = {isa = PBXFileReference; fileEncoding = 4; lastKnownFileType = sourcecode.c.h; path = CPTResponder.h; sourceTree = "<group>"; };
		1AD729961621281000A241D7 /* CPTScatterPlot.h */ = {isa = PBXFileReference; fileEncoding = 4; lastKnownFileType = sourcecode.c.h; path = CPTScatterPlot.h; sourceTree = "<group>"; };
		1AD729971621281000A241D7 /* CPTShadow.h */ = {isa = PBXFileReference; fileEncoding = 4; lastKnownFileType = sourcecode.c.h; path = CPTShadow.h; sourceTree = "<group>"; };
		1AD729981621281000A241D7 /* CPTTextLayer.h */ = {isa = PBXFileReference; fileEncoding = 4; lastKnownFileType = sourcecode.c.h; path = CPTTextLayer.h; sourceTree = "<group>"; };
		1AD729991621281000A241D7 /* CPTTextStyle.h */ = {isa = PBXFileReference; fileEncoding = 4; lastKnownFileType = sourcecode.c.h; path = CPTTextStyle.h; sourceTree = "<group>"; };
		1AD7299A1621281000A241D7 /* CPTTheme.h */ = {isa = PBXFileReference; fileEncoding = 4; lastKnownFileType = sourcecode.c.h; path = CPTTheme.h; sourceTree = "<group>"; };
		1AD7299B1621281000A241D7 /* CPTTimeFormatter.h */ = {isa = PBXFileReference; fileEncoding = 4; lastKnownFileType = sourcecode.c.h; path = CPTTimeFormatter.h; sourceTree = "<group>"; };
		1AD7299C1621281000A241D7 /* CPTTradingRangePlot.h */ = {isa = PBXFileReference; fileEncoding = 4; lastKnownFileType = sourcecode.c.h; path = CPTTradingRangePlot.h; sourceTree = "<group>"; };
		1AD7299D1621281000A241D7 /* CPTUtilities.h */ = {isa = PBXFileReference; fileEncoding = 4; lastKnownFileType = sourcecode.c.h; path = CPTUtilities.h; sourceTree = "<group>"; };
		1AD7299E1621281000A241D7 /* CPTXYAxis.h */ = {isa = PBXFileReference; fileEncoding = 4; lastKnownFileType = sourcecode.c.h; path = CPTXYAxis.h; sourceTree = "<group>"; };
		1AD7299F1621281000A241D7 /* CPTXYAxisSet.h */ = {isa = PBXFileReference; fileEncoding = 4; lastKnownFileType = sourcecode.c.h; path = CPTXYAxisSet.h; sourceTree = "<group>"; };
		1AD729A01621281000A241D7 /* CPTXYGraph.h */ = {isa = PBXFileReference; fileEncoding = 4; lastKnownFileType = sourcecode.c.h; path = CPTXYGraph.h; sourceTree = "<group>"; };
		1AD729A11621281000A241D7 /* CPTXYPlotSpace.h */ = {isa = PBXFileReference; fileEncoding = 4; lastKnownFileType = sourcecode.c.h; path = CPTXYPlotSpace.h; sourceTree = "<group>"; };
		1AD729A21621281000A241D7 /* NSCoderExtensions.h */ = {isa = PBXFileReference; fileEncoding = 4; lastKnownFileType = sourcecode.c.h; path = NSCoderExtensions.h; sourceTree = "<group>"; };
		1AD729A31621281000A241D7 /* NSDecimalNumberExtensions.h */ = {isa = PBXFileReference; fileEncoding = 4; lastKnownFileType = sourcecode.c.h; path = NSDecimalNumberExtensions.h; sourceTree = "<group>"; };
		1AD729A41621281000A241D7 /* NSNumberExtensions.h */ = {isa = PBXFileReference; fileEncoding = 4; lastKnownFileType = sourcecode.c.h; path = NSNumberExtensions.h; sourceTree = "<group>"; };
		1AD729A51621281000A241D7 /* libCorePlot-CocoaTouch.a */ = {isa = PBXFileReference; lastKnownFileType = archive.ar; path = "libCorePlot-CocoaTouch.a"; sourceTree = "<group>"; };
/* End PBXFileReference section */

/* Begin PBXFrameworksBuildPhase section */
		1A632976161D49AC00589F27 /* Frameworks */ = {
			isa = PBXFrameworksBuildPhase;
			buildActionMask = 2147483647;
			files = (
				1A686CD2162428C1001183D3 /* MessageUI.framework in Frameworks */,
				1AD729A61621281000A241D7 /* libCorePlot-CocoaTouch.a in Frameworks */,
				1AD049ED161F1DD4006FDD7D /* QuartzCore.framework in Frameworks */,
				1A9F9C63161E9B8D00CC7377 /* libsqlite3.0.dylib in Frameworks */,
				1A632A69161D60D500589F27 /* MapKit.framework in Frameworks */,
				1A632A67161D60CD00589F27 /* CoreLocation.framework in Frameworks */,
				1A632A63161D609E00589F27 /* libQuickDialog.a in Frameworks */,
				1A632A56161D605C00589F27 /* libz.dylib in Frameworks */,
				1A63297E161D49AC00589F27 /* UIKit.framework in Frameworks */,
				1A632980161D49AC00589F27 /* Foundation.framework in Frameworks */,
				1A632982161D49AC00589F27 /* CoreGraphics.framework in Frameworks */,
			);
			runOnlyForDeploymentPostprocessing = 0;
		};
/* End PBXFrameworksBuildPhase section */

/* Begin PBXGroup section */
		1A63296E161D49AC00589F27 = {
			isa = PBXGroup;
			children = (
				1A632A17161D5EF900589F27 /* Submodules */,
				1A632983161D49AC00589F27 /* MyINR */,
				1A9F9CC1161EA51800CC7377 /* Resources */,
				1A63297C161D49AC00589F27 /* Frameworks */,
				1A63297A161D49AC00589F27 /* Products */,
			);
			sourceTree = "<group>";
		};
		1A63297A161D49AC00589F27 /* Products */ = {
			isa = PBXGroup;
			children = (
				1A632979161D49AC00589F27 /* MyINR.app */,
			);
			name = Products;
			sourceTree = "<group>";
		};
		1A63297C161D49AC00589F27 /* Frameworks */ = {
			isa = PBXGroup;
			children = (
				1A686CD1162428C0001183D3 /* MessageUI.framework */,
				1AD049EC161F1DD4006FDD7D /* QuartzCore.framework */,
				1A9F9C62161E9B8D00CC7377 /* libsqlite3.0.dylib */,
				1A632A68161D60D500589F27 /* MapKit.framework */,
				1A632A66161D60CD00589F27 /* CoreLocation.framework */,
				1A632A55161D605C00589F27 /* libz.dylib */,
				1A63297D161D49AC00589F27 /* UIKit.framework */,
				1A63297F161D49AC00589F27 /* Foundation.framework */,
				1A632981161D49AC00589F27 /* CoreGraphics.framework */,
			);
			name = Frameworks;
			sourceTree = "<group>";
		};
		1A632983161D49AC00589F27 /* MyINR */ = {
			isa = PBXGroup;
			children = (
				1A63298C161D49AC00589F27 /* AppDelegate.h */,
				1A63298D161D49AC00589F27 /* AppDelegate.m */,
				1A632994161D49EC00589F27 /* MainViewController.h */,
				1A632995161D49EC00589F27 /* MainViewController.m */,
				1A632996161D49EC00589F27 /* MainViewController.xib */,
				1A632999161D4C3800589F27 /* LogViewController.h */,
				1A63299A161D4C3800589F27 /* LogViewController.m */,
				1A63299C161D4C4800589F27 /* LogTableViewController.h */,
				1A63299D161D4C4800589F27 /* LogTableViewController.m */,
				1A63299F161D4C8600589F27 /* LogGraphViewController.h */,
				1A6329A0161D4C8600589F27 /* LogGraphViewController.m */,
				1A6329A1161D4C8600589F27 /* LogGraphViewController.xib */,
				1A6329A4161D4CAD00589F27 /* SettingViewController.h */,
				1A6329A5161D4CAD00589F27 /* SettingViewController.m */,
				1A6329A7161D4CD000589F27 /* NewLogViewController.h */,
				1A6329A8161D4CD000589F27 /* NewLogViewController.m */,
				1AD049EE161F3B0F006FDD7D /* CustomCells.xib */,
				1A632984161D49AC00589F27 /* Supporting Files */,
			);
			path = MyINR;
			sourceTree = "<group>";
		};
		1A632984161D49AC00589F27 /* Supporting Files */ = {
			isa = PBXGroup;
			children = (
				1A632985161D49AC00589F27 /* MyINR-Info.plist */,
				1A632986161D49AC00589F27 /* InfoPlist.strings */,
				1A632989161D49AC00589F27 /* main.m */,
				1A63298B161D49AC00589F27 /* MyINR-Prefix.pch */,
			);
			name = "Supporting Files";
			sourceTree = "<group>";
		};
		1A632A17161D5EF900589F27 /* Submodules */ = {
			isa = PBXGroup;
			children = (
				1A632A2F161D5F2100589F27 /* QuickDialog.xcodeproj */,
				1A632A19161D5F0400589F27 /* MultiTouchS7GraphView */,
				1A632A23161D5F1300589F27 /* TBXML */,
				1A9F9C64161E9CB200CC7377 /* fmdb */,
				1AD049C9161F1AFE006FDD7D /* SVProgressHUD */,
				1AD049E8161F1D87006FDD7D /* SVPullToRefresh */,
				1AD729541621281000A241D7 /* CorePlot */,
			);
			name = Submodules;
			sourceTree = "<group>";
		};
		1A632A19161D5F0400589F27 /* MultiTouchS7GraphView */ = {
			isa = PBXGroup;
			children = (
				1A632A1A161D5F0400589F27 /* MultiTouchS7GraphView.h */,
				1A632A1B161D5F0400589F27 /* MultiTouchS7GraphView.m */,
				1A632A1C161D5F0400589F27 /* README */,
				1A632A1D161D5F0400589F27 /* S7GraphView.h */,
				1A632A1E161D5F0400589F27 /* S7GraphView.m */,
				1A632A1F161D5F0400589F27 /* S7Macros.h */,
			);
			name = MultiTouchS7GraphView;
			path = Submodules/MultiTouchS7GraphView;
			sourceTree = "<group>";
		};
		1A632A23161D5F1300589F27 /* TBXML */ = {
			isa = PBXGroup;
			children = (
				1A632A24161D5F1300589F27 /* TBXML-Code */,
				1A632A28161D5F1300589F27 /* TBXML-Headers */,
			);
			name = TBXML;
			path = Submodules/TBXML;
			sourceTree = "<group>";
		};
		1A632A24161D5F1300589F27 /* TBXML-Code */ = {
			isa = PBXGroup;
			children = (
				1A632A25161D5F1300589F27 /* TBXML+Compression.m */,
				1A632A26161D5F1300589F27 /* TBXML+HTTP.m */,
				1A632A27161D5F1300589F27 /* TBXML.m */,
			);
			path = "TBXML-Code";
			sourceTree = "<group>";
		};
		1A632A28161D5F1300589F27 /* TBXML-Headers */ = {
			isa = PBXGroup;
			children = (
				1A632A29161D5F1300589F27 /* TBXML+Compression.h */,
				1A632A2A161D5F1300589F27 /* TBXML+HTTP.h */,
				1A632A2B161D5F1300589F27 /* TBXML.h */,
			);
			path = "TBXML-Headers";
			sourceTree = "<group>";
		};
		1A632A30161D5F2100589F27 /* Products */ = {
			isa = PBXGroup;
			children = (
				1A632A39161D5F2100589F27 /* QuickDialogExample.app */,
				1A632A3B161D5F2100589F27 /* libQuickDialog.a */,
			);
			name = Products;
			sourceTree = "<group>";
		};
		1A9F9C64161E9CB200CC7377 /* fmdb */ = {
			isa = PBXGroup;
			children = (
				1A9F9C65161E9CB200CC7377 /* FMDatabase.h */,
				1A9F9C66161E9CB200CC7377 /* FMDatabase.m */,
				1A9F9C67161E9CB200CC7377 /* FMDatabaseAdditions.h */,
				1A9F9C68161E9CB200CC7377 /* FMDatabaseAdditions.m */,
				1A9F9C69161E9CB200CC7377 /* FMDatabasePool.h */,
				1A9F9C6A161E9CB200CC7377 /* FMDatabasePool.m */,
				1A9F9C6B161E9CB200CC7377 /* FMDatabaseQueue.h */,
				1A9F9C6C161E9CB200CC7377 /* FMDatabaseQueue.m */,
				1A9F9C6E161E9CB200CC7377 /* FMResultSet.h */,
				1A9F9C6F161E9CB200CC7377 /* FMResultSet.m */,
			);
			name = fmdb;
			path = Submodules/fmdb;
			sourceTree = "<group>";
		};
		1A9F9CC1161EA51800CC7377 /* Resources */ = {
			isa = PBXGroup;
			children = (
				1A8FCFB1162272D7001115FD /* icon.png */,
				1A8FCFB2162272D7001115FD /* icon@2x.png */,
				1A6A6EC21622BE26002C62D1 /* info.png */,
				1A6A6EC31622BE26002C62D1 /* info@2x.png */,
				1A6A6EC41622BE26002C62D1 /* setting.png */,
				1A6A6EC51622BE26002C62D1 /* setting@2x.png */,
				1A47F04B1622CD9900E77332 /* cellDate.png */,
				1A47F04C1622CD9900E77332 /* cellDate@2x.png */,
				1A47F04F1622CE8700E77332 /* cellValBg.png */,
				1A47F0501622CE8700E77332 /* cellValBg@2x.png */,
				1A47F0531622D68500E77332 /* mainValBg.png */,
				1A47F0541622D68500E77332 /* mainValBg@2x.png */,
				1A47F0571622D76900E77332 /* mainDate.png */,
				1A47F0581622D76900E77332 /* mainDate@2x.png */,
				1A47F05B1622DB0B00E77332 /* patternBg.png */,
				1A47F05C1622DB0B00E77332 /* patternBg@2x.png */,
				1A9F9CC2161EA53400CC7377 /* MyINR.sqlite */,
			);
			name = Resources;
			sourceTree = "<group>";
		};
		1AD049C9161F1AFE006FDD7D /* SVProgressHUD */ = {
			isa = PBXGroup;
			children = (
				1AD049CA161F1AFE006FDD7D /* SVProgressHUD.bundle */,
				1AD049CB161F1AFE006FDD7D /* SVProgressHUD.h */,
				1AD049CC161F1AFE006FDD7D /* SVProgressHUD.m */,
			);
			name = SVProgressHUD;
			path = Submodules/SVProgressHUD;
			sourceTree = "<group>";
		};
		1AD049E8161F1D87006FDD7D /* SVPullToRefresh */ = {
			isa = PBXGroup;
			children = (
				1AD049E9161F1D87006FDD7D /* SVPullToRefresh.h */,
				1AD049EA161F1D87006FDD7D /* SVPullToRefresh.m */,
			);
			name = SVPullToRefresh;
			path = Submodules/SVPullToRefresh;
			sourceTree = "<group>";
		};
		1AD729541621281000A241D7 /* CorePlot */ = {
			isa = PBXGroup;
			children = (
				1AD729551621281000A241D7 /* CorePlotHeaders */,
				1AD729A51621281000A241D7 /* libCorePlot-CocoaTouch.a */,
			);
			name = CorePlot;
			path = Submodules/CorePlot;
			sourceTree = "<group>";
		};
		1AD729551621281000A241D7 /* CorePlotHeaders */ = {
			isa = PBXGroup;
			children = (
				1AD729561621281000A241D7 /* _CPTConstraintsFixed.h */,
				1AD729571621281000A241D7 /* _CPTConstraintsRelative.h */,
				1AD729581621281000A241D7 /* _CPTDarkGradientTheme.h */,
				1AD729591621281000A241D7 /* _CPTFillColor.h */,
				1AD7295A1621281000A241D7 /* _CPTFillGradient.h */,
				1AD7295B1621281000A241D7 /* _CPTFillImage.h */,
				1AD7295C1621281000A241D7 /* _CPTPlainBlackTheme.h */,
				1AD7295D1621281000A241D7 /* _CPTPlainWhiteTheme.h */,
				1AD7295E1621281000A241D7 /* _CPTSlateTheme.h */,
				1AD7295F1621281000A241D7 /* _CPTStocksTheme.h */,
				1AD729601621281000A241D7 /* _CPTXYTheme.h */,
				1AD729611621281000A241D7 /* CorePlot-CocoaTouch.h */,
				1AD729621621281000A241D7 /* CPTAnnotation.h */,
				1AD729631621281000A241D7 /* CPTAnnotationHostLayer.h */,
				1AD729641621281000A241D7 /* CPTAxis.h */,
				1AD729651621281000A241D7 /* CPTAxisLabel.h */,
				1AD729661621281000A241D7 /* CPTAxisLabelGroup.h */,
				1AD729671621281000A241D7 /* CPTAxisSet.h */,
				1AD729681621281000A241D7 /* CPTAxisTitle.h */,
				1AD729691621281000A241D7 /* CPTBarPlot.h */,
				1AD7296A1621281000A241D7 /* CPTBorderedLayer.h */,
				1AD7296B1621281000A241D7 /* CPTColor.h */,
				1AD7296C1621281000A241D7 /* CPTColorSpace.h */,
				1AD7296D1621281000A241D7 /* CPTConstraints.h */,
				1AD7296E1621281000A241D7 /* CPTDefinitions.h */,
				1AD7296F1621281000A241D7 /* CPTExceptions.h */,
				1AD729701621281000A241D7 /* CPTFill.h */,
				1AD729711621281000A241D7 /* CPTGradient.h */,
				1AD729721621281000A241D7 /* CPTGraph.h */,
				1AD729731621281000A241D7 /* CPTGraphHostingView.h */,
				1AD729741621281000A241D7 /* CPTGridLineGroup.h */,
				1AD729751621281000A241D7 /* CPTGridLines.h */,
				1AD729761621281000A241D7 /* CPTImage.h */,
				1AD729771621281000A241D7 /* CPTLayer.h */,
				1AD729781621281000A241D7 /* CPTLayerAnnotation.h */,
				1AD729791621281000A241D7 /* CPTLegend.h */,
				1AD7297A1621281000A241D7 /* CPTLegendEntry.h */,
				1AD7297B1621281000A241D7 /* CPTLimitBand.h */,
				1AD7297C1621281000A241D7 /* CPTLineCap.h */,
				1AD7297D1621281000A241D7 /* CPTLineStyle.h */,
				1AD7297E1621281000A241D7 /* CPTMutableLineStyle.h */,
				1AD7297F1621281000A241D7 /* CPTMutableNumericData+TypeConversion.h */,
				1AD729801621281000A241D7 /* CPTMutableNumericData.h */,
				1AD729811621281000A241D7 /* CPTMutablePlotRange.h */,
				1AD729821621281000A241D7 /* CPTMutableShadow.h */,
				1AD729831621281000A241D7 /* CPTMutableTextStyle.h */,
				1AD729841621281000A241D7 /* CPTNumericData+TypeConversion.h */,
				1AD729851621281000A241D7 /* CPTNumericData.h */,
				1AD729861621281000A241D7 /* CPTNumericDataType.h */,
				1AD729871621281000A241D7 /* CPTPathExtensions.h */,
				1AD729881621281000A241D7 /* CPTPieChart.h */,
				1AD729891621281000A241D7 /* CPTPlatformSpecificCategories.h */,
				1AD7298A1621281000A241D7 /* CPTPlatformSpecificDefines.h */,
				1AD7298B1621281000A241D7 /* CPTPlatformSpecificFunctions.h */,
				1AD7298C1621281000A241D7 /* CPTPlot.h */,
				1AD7298D1621281000A241D7 /* CPTPlotArea.h */,
				1AD7298E1621281000A241D7 /* CPTPlotAreaFrame.h */,
				1AD7298F1621281000A241D7 /* CPTPlotGroup.h */,
				1AD729901621281000A241D7 /* CPTPlotRange.h */,
				1AD729911621281000A241D7 /* CPTPlotSpace.h */,
				1AD729921621281000A241D7 /* CPTPlotSpaceAnnotation.h */,
				1AD729931621281000A241D7 /* CPTPlotSymbol.h */,
				1AD729941621281000A241D7 /* CPTRangePlot.h */,
				1AD729951621281000A241D7 /* CPTResponder.h */,
				1AD729961621281000A241D7 /* CPTScatterPlot.h */,
				1AD729971621281000A241D7 /* CPTShadow.h */,
				1AD729981621281000A241D7 /* CPTTextLayer.h */,
				1AD729991621281000A241D7 /* CPTTextStyle.h */,
				1AD7299A1621281000A241D7 /* CPTTheme.h */,
				1AD7299B1621281000A241D7 /* CPTTimeFormatter.h */,
				1AD7299C1621281000A241D7 /* CPTTradingRangePlot.h */,
				1AD7299D1621281000A241D7 /* CPTUtilities.h */,
				1AD7299E1621281000A241D7 /* CPTXYAxis.h */,
				1AD7299F1621281000A241D7 /* CPTXYAxisSet.h */,
				1AD729A01621281000A241D7 /* CPTXYGraph.h */,
				1AD729A11621281000A241D7 /* CPTXYPlotSpace.h */,
				1AD729A21621281000A241D7 /* NSCoderExtensions.h */,
				1AD729A31621281000A241D7 /* NSDecimalNumberExtensions.h */,
				1AD729A41621281000A241D7 /* NSNumberExtensions.h */,
			);
			path = CorePlotHeaders;
			sourceTree = "<group>";
		};
/* End PBXGroup section */

/* Begin PBXNativeTarget section */
		1A632978161D49AC00589F27 /* MyINR */ = {
			isa = PBXNativeTarget;
			buildConfigurationList = 1A632991161D49AC00589F27 /* Build configuration list for PBXNativeTarget "MyINR" */;
			buildPhases = (
				1A632975161D49AC00589F27 /* Sources */,
				1A632976161D49AC00589F27 /* Frameworks */,
				1A632977161D49AC00589F27 /* Resources */,
			);
			buildRules = (
			);
			dependencies = (
				1A632A65161D60B500589F27 /* PBXTargetDependency */,
			);
			name = MyINR;
			productName = MyINR;
			productReference = 1A632979161D49AC00589F27 /* MyINR.app */;
			productType = "com.apple.product-type.application";
		};
/* End PBXNativeTarget section */

/* Begin PBXProject section */
		1A632970161D49AC00589F27 /* Project object */ = {
			isa = PBXProject;
			attributes = {
				LastUpgradeCheck = 0440;
				ORGANIZATIONNAME = darkpuca;
			};
			buildConfigurationList = 1A632973161D49AC00589F27 /* Build configuration list for PBXProject "MyINR" */;
			compatibilityVersion = "Xcode 3.2";
			developmentRegion = English;
			hasScannedForEncodings = 0;
			knownRegions = (
				en,
			);
			mainGroup = 1A63296E161D49AC00589F27;
			productRefGroup = 1A63297A161D49AC00589F27 /* Products */;
			projectDirPath = "";
			projectReferences = (
				{
					ProductGroup = 1A632A30161D5F2100589F27 /* Products */;
					ProjectRef = 1A632A2F161D5F2100589F27 /* QuickDialog.xcodeproj */;
				},
			);
			projectRoot = "";
			targets = (
				1A632978161D49AC00589F27 /* MyINR */,
			);
		};
/* End PBXProject section */

/* Begin PBXReferenceProxy section */
		1A632A39161D5F2100589F27 /* QuickDialogExample.app */ = {
			isa = PBXReferenceProxy;
			fileType = wrapper.application;
			path = QuickDialogExample.app;
			remoteRef = 1A632A38161D5F2100589F27 /* PBXContainerItemProxy */;
			sourceTree = BUILT_PRODUCTS_DIR;
		};
		1A632A3B161D5F2100589F27 /* libQuickDialog.a */ = {
			isa = PBXReferenceProxy;
			fileType = archive.ar;
			path = libQuickDialog.a;
			remoteRef = 1A632A3A161D5F2100589F27 /* PBXContainerItemProxy */;
			sourceTree = BUILT_PRODUCTS_DIR;
		};
/* End PBXReferenceProxy section */

/* Begin PBXResourcesBuildPhase section */
		1A632977161D49AC00589F27 /* Resources */ = {
			isa = PBXResourcesBuildPhase;
			buildActionMask = 2147483647;
			files = (
				1A632988161D49AC00589F27 /* InfoPlist.strings in Resources */,
				1A632998161D49EC00589F27 /* MainViewController.xib in Resources */,
				1A6329A3161D4C8600589F27 /* LogGraphViewController.xib in Resources */,
				1A632A21161D5F0400589F27 /* README in Resources */,
				1A9F9CC3161EA53400CC7377 /* MyINR.sqlite in Resources */,
				1AD049CD161F1AFE006FDD7D /* SVProgressHUD.bundle in Resources */,
				1AD049EF161F3B0F006FDD7D /* CustomCells.xib in Resources */,
				1A8FCFB3162272D7001115FD /* icon.png in Resources */,
				1A8FCFB4162272D7001115FD /* icon@2x.png in Resources */,
				1A6A6EC61622BE26002C62D1 /* info.png in Resources */,
				1A6A6EC71622BE26002C62D1 /* info@2x.png in Resources */,
				1A6A6EC81622BE26002C62D1 /* setting.png in Resources */,
				1A6A6EC91622BE26002C62D1 /* setting@2x.png in Resources */,
				1A47F04D1622CD9900E77332 /* cellDate.png in Resources */,
				1A47F04E1622CD9900E77332 /* cellDate@2x.png in Resources */,
				1A47F0511622CE8700E77332 /* cellValBg.png in Resources */,
				1A47F0521622CE8700E77332 /* cellValBg@2x.png in Resources */,
				1A47F0551622D68500E77332 /* mainValBg.png in Resources */,
				1A47F0561622D68500E77332 /* mainValBg@2x.png in Resources */,
				1A47F0591622D76900E77332 /* mainDate.png in Resources */,
				1A47F05A1622D76900E77332 /* mainDate@2x.png in Resources */,
				1A47F05D1622DB0B00E77332 /* patternBg.png in Resources */,
				1A47F05E1622DB0B00E77332 /* patternBg@2x.png in Resources */,
			);
			runOnlyForDeploymentPostprocessing = 0;
		};
/* End PBXResourcesBuildPhase section */

/* Begin PBXSourcesBuildPhase section */
		1A632975161D49AC00589F27 /* Sources */ = {
			isa = PBXSourcesBuildPhase;
			buildActionMask = 2147483647;
			files = (
				1A63298A161D49AC00589F27 /* main.m in Sources */,
				1A63298E161D49AC00589F27 /* AppDelegate.m in Sources */,
				1A632997161D49EC00589F27 /* MainViewController.m in Sources */,
				1A63299B161D4C3800589F27 /* LogViewController.m in Sources */,
				1A63299E161D4C4800589F27 /* LogTableViewController.m in Sources */,
				1A6329A2161D4C8600589F27 /* LogGraphViewController.m in Sources */,
				1A6329A6161D4CAD00589F27 /* SettingViewController.m in Sources */,
				1A6329AA161D4CD000589F27 /* NewLogViewController.m in Sources */,
				1A632A20161D5F0400589F27 /* MultiTouchS7GraphView.m in Sources */,
				1A632A22161D5F0400589F27 /* S7GraphView.m in Sources */,
				1A632A2C161D5F1300589F27 /* TBXML+Compression.m in Sources */,
				1A632A2D161D5F1300589F27 /* TBXML+HTTP.m in Sources */,
				1A632A2E161D5F1300589F27 /* TBXML.m in Sources */,
				1A9F9C70161E9CB200CC7377 /* FMDatabase.m in Sources */,
				1A9F9C71161E9CB200CC7377 /* FMDatabaseAdditions.m in Sources */,
				1A9F9C72161E9CB200CC7377 /* FMDatabasePool.m in Sources */,
				1A9F9C73161E9CB200CC7377 /* FMDatabaseQueue.m in Sources */,
				1A9F9C75161E9CB200CC7377 /* FMResultSet.m in Sources */,
				1AD049CE161F1AFE006FDD7D /* SVProgressHUD.m in Sources */,
				1AD049EB161F1D87006FDD7D /* SVPullToRefresh.m in Sources */,
			);
			runOnlyForDeploymentPostprocessing = 0;
		};
/* End PBXSourcesBuildPhase section */

/* Begin PBXTargetDependency section */
		1A632A65161D60B500589F27 /* PBXTargetDependency */ = {
			isa = PBXTargetDependency;
			name = QuickDialog;
			targetProxy = 1A632A64161D60B500589F27 /* PBXContainerItemProxy */;
		};
/* End PBXTargetDependency section */

/* Begin PBXVariantGroup section */
		1A632986161D49AC00589F27 /* InfoPlist.strings */ = {
			isa = PBXVariantGroup;
			children = (
				1A632987161D49AC00589F27 /* en */,
			);
			name = InfoPlist.strings;
			sourceTree = "<group>";
		};
/* End PBXVariantGroup section */

/* Begin XCBuildConfiguration section */
		1A63298F161D49AC00589F27 /* Debug */ = {
			isa = XCBuildConfiguration;
			buildSettings = {
				ALWAYS_SEARCH_USER_PATHS = NO;
				ARCHS = "$(ARCHS_STANDARD_32_BIT)";
				CLANG_CXX_LANGUAGE_STANDARD = "gnu++0x";
				CLANG_ENABLE_OBJC_ARC = YES;
				CLANG_WARN__DUPLICATE_METHOD_MATCH = YES;
				"CODE_SIGN_IDENTITY[sdk=iphoneos*]" = "iPhone Developer";
				COPY_PHASE_STRIP = NO;
				GCC_C_LANGUAGE_STANDARD = gnu99;
				GCC_DYNAMIC_NO_PIC = NO;
				GCC_OPTIMIZATION_LEVEL = 0;
				GCC_PREPROCESSOR_DEFINITIONS = (
					"DEBUG=1",
					"$(inherited)",
				);
				GCC_SYMBOLS_PRIVATE_EXTERN = NO;
				GCC_VERSION = com.apple.compilers.llvm.clang.1_0;
				GCC_WARN_ABOUT_RETURN_TYPE = YES;
				GCC_WARN_UNINITIALIZED_AUTOS = YES;
				GCC_WARN_UNUSED_VARIABLE = YES;
				IPHONEOS_DEPLOYMENT_TARGET = 5.1;
				SDKROOT = iphoneos;
				USER_HEADER_SEARCH_PATHS = "Submodules/**";
			};
			name = Debug;
		};
		1A632990161D49AC00589F27 /* Release */ = {
			isa = XCBuildConfiguration;
			buildSettings = {
				ALWAYS_SEARCH_USER_PATHS = NO;
				ARCHS = "$(ARCHS_STANDARD_32_BIT)";
				CLANG_CXX_LANGUAGE_STANDARD = "gnu++0x";
				CLANG_ENABLE_OBJC_ARC = YES;
				CLANG_WARN__DUPLICATE_METHOD_MATCH = YES;
				"CODE_SIGN_IDENTITY[sdk=iphoneos*]" = "iPhone Developer";
				COPY_PHASE_STRIP = YES;
				GCC_C_LANGUAGE_STANDARD = gnu99;
				GCC_VERSION = com.apple.compilers.llvm.clang.1_0;
				GCC_WARN_ABOUT_RETURN_TYPE = YES;
				GCC_WARN_UNINITIALIZED_AUTOS = YES;
				GCC_WARN_UNUSED_VARIABLE = YES;
				IPHONEOS_DEPLOYMENT_TARGET = 5.1;
				OTHER_CFLAGS = "-DNS_BLOCK_ASSERTIONS=1";
				SDKROOT = iphoneos;
				USER_HEADER_SEARCH_PATHS = "Submodules/**";
				VALIDATE_PRODUCT = YES;
			};
			name = Release;
		};
		1A632992161D49AC00589F27 /* Debug */ = {
			isa = XCBuildConfiguration;
			buildSettings = {
				ALWAYS_SEARCH_USER_PATHS = YES;
				"CODE_SIGN_IDENTITY[sdk=iphoneos*]" = "iPhone Developer: DongKyu Kim (MM4DX7RET9)";
				GCC_PRECOMPILE_PREFIX_HEADER = YES;
				GCC_PREFIX_HEADER = "MyINR/MyINR-Prefix.pch";
				INFOPLIST_FILE = "MyINR/MyINR-Info.plist";
				LIBRARY_SEARCH_PATHS = (
					"$(inherited)",
					"\"$(SRCROOT)/Submodules/CorePlot\"",
				);
				OTHER_LDFLAGS = (
					"-ObjC",
					"-all_load",
				);
				PRODUCT_NAME = "$(TARGET_NAME)";
				"PROVISIONING_PROFILE[sdk=iphoneos*]" = "33883DD2-F22A-4FAF-8108-539AB921B01E";
				WRAPPER_EXTENSION = app;
			};
			name = Debug;
		};
		1A632993161D49AC00589F27 /* Release */ = {
			isa = XCBuildConfiguration;
			buildSettings = {
				ALWAYS_SEARCH_USER_PATHS = YES;
				"CODE_SIGN_IDENTITY[sdk=iphoneos*]" = "iPhone Distribution: STRASTAR Co. Ltd.";
				GCC_PRECOMPILE_PREFIX_HEADER = YES;
				GCC_PREFIX_HEADER = "MyINR/MyINR-Prefix.pch";
				INFOPLIST_FILE = "MyINR/MyINR-Info.plist";
				LIBRARY_SEARCH_PATHS = (
					"$(inherited)",
					"\"$(SRCROOT)/Submodules/CorePlot\"",
				);
				OTHER_LDFLAGS = (
					"-ObjC",
					"-all_load",
				);
				PRODUCT_NAME = "$(TARGET_NAME)";
				"PROVISIONING_PROFILE[sdk=iphoneos*]" = "62DA696C-0AFA-464B-912E-972F0AF206AD";
				WRAPPER_EXTENSION = app;
			};
			name = Release;
		};
/* End XCBuildConfiguration section */

/* Begin XCConfigurationList section */
		1A632973161D49AC00589F27 /* Build configuration list for PBXProject "MyINR" */ = {
			isa = XCConfigurationList;
			buildConfigurations = (
				1A63298F161D49AC00589F27 /* Debug */,
				1A632990161D49AC00589F27 /* Release */,
			);
			defaultConfigurationIsVisible = 0;
			defaultConfigurationName = Release;
		};
		1A632991161D49AC00589F27 /* Build configuration list for PBXNativeTarget "MyINR" */ = {
			isa = XCConfigurationList;
			buildConfigurations = (
				1A632992161D49AC00589F27 /* Debug */,
				1A632993161D49AC00589F27 /* Release */,
			);
			defaultConfigurationIsVisible = 0;
			defaultConfigurationName = Release;
		};
/* End XCConfigurationList section */
	};
	rootObject = 1A632970161D49AC00589F27 /* Project object */;
}
